
Microsoft Visual Studio Solution File, Format Version 12.00
# Visual Studio Version 16
VisualStudioVersion = 16.0.31410.357
MinimumVisualStudioVersion = 10.0.40219.1
Project("{FAE04EC0-301F-11D3-BF4B-00C04F79EFBC}") = "SoundPanel", "SoundPanel\SoundPanel.csproj", "{7BA546F9-DA42-4632-B1CD-DA4D89765180}"
EndProject
Global
	GlobalSection(SolutionConfigurationPlatforms) = preSolution
		Debug|Any CPU = Debug|Any CPU
		Release|Any CPU = Release|Any CPU
	EndGlobalSection
	GlobalSection(ProjectConfigurationPlatforms) = postSolution
		{7BA546F9-DA42-4632-B1CD-DA4D89765180}.Debug|Any CPU.ActiveCfg = Debug|Any CPU
		{7BA546F9-DA42-4632-B1CD-DA4D89765180}.Debug|Any CPU.Build.0 = Debug|Any CPU
		{7BA546F9-DA42-4632-B1CD-DA4D89765180}.Release|Any CPU.ActiveCfg = Release|Any CPU
		{7BA546F9-DA42-4632-B1CD-DA4D89765180}.Release|Any CPU.Build.0 = Release|Any CPU
	EndGlobalSection
	GlobalSection(SolutionProperties) = preSolution
		HideSolutionNode = FALSE
	EndGlobalSection
	GlobalSection(ExtensibilityGlobals) = postSolution
		SolutionGuid = {F88CD4DF-9B24-4E97-A9BF-1DFC9EA9AA63}
	EndGlobalSection
EndGlobal
